// !$*UTF8*$!
{
	archiveVersion = 1;
	classes = {
	};
	objectVersion = 46;
	objects = {

/* Begin PBXBuildFile section */
		BA1463C71AE9252C0001E0A0 /* stochastic_processes.cpp in Sources */ = {isa = PBXBuildFile; fileRef = BA9994AA1AB9B52700B06152 /* stochastic_processes.cpp */; };
		BA1463C81AE9252D0001E0A0 /* stochastic_processes.cpp in Sources */ = {isa = PBXBuildFile; fileRef = BA9994AA1AB9B52700B06152 /* stochastic_processes.cpp */; };
		BA1463C91AE9253C0001E0A0 /* sle_process.cpp in Sources */ = {isa = PBXBuildFile; fileRef = BA87FDD61ABC5903008DFF30 /* sle_process.cpp */; };
		BA1463CA1AE9253D0001E0A0 /* sle_process.cpp in Sources */ = {isa = PBXBuildFile; fileRef = BA87FDD61ABC5903008DFF30 /* sle_process.cpp */; };
		BA1463CB1AE92A200001E0A0 /* SLEAnimate.cpp in Sources */ = {isa = PBXBuildFile; fileRef = BAD952491AE8190B00B47D45 /* SLEAnimate.cpp */; };
		BA1463CC1AE92A230001E0A0 /* SLEAnimate.cpp in Sources */ = {isa = PBXBuildFile; fileRef = BAD952491AE8190B00B47D45 /* SLEAnimate.cpp */; };
		BA328A131ABAF67500BD56DA /* main.cpp in Sources */ = {isa = PBXBuildFile; fileRef = BA328A121ABAF67500BD56DA /* main.cpp */; };
		BA328A1A1ABAF94800BD56DA /* ProcessTest.cpp in Sources */ = {isa = PBXBuildFile; fileRef = BA328A181ABAF94800BD56DA /* ProcessTest.cpp */; };
		BA8911DB1AC88A0300E98779 /* plot.cpp in Sources */ = {isa = PBXBuildFile; fileRef = BA8911D91AC88A0300E98779 /* plot.cpp */; };
		BA89C19E1A8A579100465451 /* main.cpp in Sources */ = {isa = PBXBuildFile; fileRef = BA89C19D1A8A579100465451 /* main.cpp */; };
		BAA910CC1AC07934000B8DFE /* SLETest.cpp in Sources */ = {isa = PBXBuildFile; fileRef = BAA910CB1AC07934000B8DFE /* SLETest.cpp */; };
		BAD9524E1AE834BF00B47D45 /* SLEAnimateTest.cpp in Sources */ = {isa = PBXBuildFile; fileRef = BAD9524D1AE834BF00B47D45 /* SLEAnimateTest.cpp */; };
		BAD9524F1AE8388C00B47D45 /* plot.cpp in Sources */ = {isa = PBXBuildFile; fileRef = BA8911D91AC88A0300E98779 /* plot.cpp */; };
/* End PBXBuildFile section */

/* Begin PBXCopyFilesBuildPhase section */
		BA328A0E1ABAF67500BD56DA /* CopyFiles */ = {
			isa = PBXCopyFilesBuildPhase;
			buildActionMask = 2147483647;
			dstPath = /usr/share/man/man1/;
			dstSubfolderSpec = 0;
			files = (
			);
			runOnlyForDeploymentPostprocessing = 1;
		};
		BA89C1981A8A579100465451 /* CopyFiles */ = {
			isa = PBXCopyFilesBuildPhase;
			buildActionMask = 2147483647;
			dstPath = /usr/share/man/man1/;
			dstSubfolderSpec = 0;
			files = (
			);
			runOnlyForDeploymentPostprocessing = 1;
		};
/* End PBXCopyFilesBuildPhase section */

/* Begin PBXFileReference section */
		BA328A101ABAF67500BD56DA /* SLETest */ = {isa = PBXFileReference; explicitFileType = "compiled.mach-o.executable"; includeInIndex = 0; path = SLETest; sourceTree = BUILT_PRODUCTS_DIR; };
		BA328A121ABAF67500BD56DA /* main.cpp */ = {isa = PBXFileReference; lastKnownFileType = sourcecode.cpp.cpp; path = main.cpp; sourceTree = "<group>"; };
		BA328A171ABAF6B500BD56DA /* catch.hpp */ = {isa = PBXFileReference; fileEncoding = 4; lastKnownFileType = sourcecode.cpp.h; path = catch.hpp; sourceTree = "<group>"; };
		BA328A181ABAF94800BD56DA /* ProcessTest.cpp */ = {isa = PBXFileReference; fileEncoding = 4; lastKnownFileType = sourcecode.cpp.cpp; path = ProcessTest.cpp; sourceTree = "<group>"; };
		BA87FDD61ABC5903008DFF30 /* sle_process.cpp */ = {isa = PBXFileReference; fileEncoding = 4; lastKnownFileType = sourcecode.cpp.cpp; path = sle_process.cpp; sourceTree = "<group>"; };
		BA87FDD71ABC5903008DFF30 /* sle_process.h */ = {isa = PBXFileReference; fileEncoding = 4; lastKnownFileType = sourcecode.c.h; path = sle_process.h; sourceTree = "<group>"; };
		BA8911D91AC88A0300E98779 /* plot.cpp */ = {isa = PBXFileReference; fileEncoding = 4; lastKnownFileType = sourcecode.cpp.cpp; path = plot.cpp; sourceTree = "<group>"; };
		BA8911DA1AC88A0300E98779 /* plot.h */ = {isa = PBXFileReference; fileEncoding = 4; lastKnownFileType = sourcecode.c.h; path = plot.h; sourceTree = "<group>"; };
		BA89C19A1A8A579100465451 /* SLE */ = {isa = PBXFileReference; explicitFileType = "compiled.mach-o.executable"; includeInIndex = 0; path = SLE; sourceTree = BUILT_PRODUCTS_DIR; };
		BA89C19D1A8A579100465451 /* main.cpp */ = {isa = PBXFileReference; lastKnownFileType = sourcecode.cpp.cpp; path = main.cpp; sourceTree = "<group>"; };
		BA9994AA1AB9B52700B06152 /* stochastic_processes.cpp */ = {isa = PBXFileReference; fileEncoding = 4; lastKnownFileType = sourcecode.cpp.cpp; path = stochastic_processes.cpp; sourceTree = "<group>"; };
		BA9994AB1AB9B52700B06152 /* stochastic_processes.h */ = {isa = PBXFileReference; fileEncoding = 4; lastKnownFileType = sourcecode.c.h; path = stochastic_processes.h; sourceTree = "<group>"; };
		BAA910CB1AC07934000B8DFE /* SLETest.cpp */ = {isa = PBXFileReference; fileEncoding = 4; lastKnownFileType = sourcecode.cpp.cpp; path = SLETest.cpp; sourceTree = "<group>"; };
		BAD952491AE8190B00B47D45 /* SLEAnimate.cpp */ = {isa = PBXFileReference; fileEncoding = 4; lastKnownFileType = sourcecode.cpp.cpp; path = SLEAnimate.cpp; sourceTree = "<group>"; };
		BAD9524A1AE8190B00B47D45 /* SLEAnimate.h */ = {isa = PBXFileReference; fileEncoding = 4; lastKnownFileType = sourcecode.c.h; path = SLEAnimate.h; sourceTree = "<group>"; };
		BAD9524D1AE834BF00B47D45 /* SLEAnimateTest.cpp */ = {isa = PBXFileReference; fileEncoding = 4; lastKnownFileType = sourcecode.cpp.cpp; path = SLEAnimateTest.cpp; sourceTree = "<group>"; };
/* End PBXFileReference section */

/* Begin PBXFrameworksBuildPhase section */
		BA328A0D1ABAF67500BD56DA /* Frameworks */ = {
			isa = PBXFrameworksBuildPhase;
			buildActionMask = 2147483647;
			files = (
			);
			runOnlyForDeploymentPostprocessing = 0;
		};
		BA89C1971A8A579100465451 /* Frameworks */ = {
			isa = PBXFrameworksBuildPhase;
			buildActionMask = 2147483647;
			files = (
			);
			runOnlyForDeploymentPostprocessing = 0;
		};
/* End PBXFrameworksBuildPhase section */

/* Begin PBXGroup section */
		BA328A111ABAF67500BD56DA /* SLETest */ = {
			isa = PBXGroup;
			children = (
				BA328A171ABAF6B500BD56DA /* catch.hpp */,
				BA328A121ABAF67500BD56DA /* main.cpp */,
				BA328A181ABAF94800BD56DA /* ProcessTest.cpp */,
				BAD9524D1AE834BF00B47D45 /* SLEAnimateTest.cpp */,
				BAA910CB1AC07934000B8DFE /* SLETest.cpp */,
			);
			path = SLETest;
			sourceTree = "<group>";
		};
		BA89C1911A8A579100465451 = {
			isa = PBXGroup;
			children = (
				BA89C19C1A8A579100465451 /* SLE */,
				BA328A111ABAF67500BD56DA /* SLETest */,
				BA89C19B1A8A579100465451 /* Products */,
			);
			sourceTree = "<group>";
		};
		BA89C19B1A8A579100465451 /* Products */ = {
			isa = PBXGroup;
			children = (
				BA89C19A1A8A579100465451 /* SLE */,
				BA328A101ABAF67500BD56DA /* SLETest */,
			);
			name = Products;
			sourceTree = "<group>";
		};
		BA89C19C1A8A579100465451 /* SLE */ = {
			isa = PBXGroup;
			children = (
				BA89C19D1A8A579100465451 /* main.cpp */,
				BA8911D91AC88A0300E98779 /* plot.cpp */,
				BA8911DA1AC88A0300E98779 /* plot.h */,
				BA9994AA1AB9B52700B06152 /* stochastic_processes.cpp */,
				BA9994AB1AB9B52700B06152 /* stochastic_processes.h */,
				BA87FDD61ABC5903008DFF30 /* sle_process.cpp */,
				BA87FDD71ABC5903008DFF30 /* sle_process.h */,
				BAD952491AE8190B00B47D45 /* SLEAnimate.cpp */,
				BAD9524A1AE8190B00B47D45 /* SLEAnimate.h */,
			);
			path = SLE;
			sourceTree = "<group>";
		};
/* End PBXGroup section */

/* Begin PBXNativeTarget section */
		BA328A0F1ABAF67500BD56DA /* SLETest */ = {
			isa = PBXNativeTarget;
			buildConfigurationList = BA328A141ABAF67500BD56DA /* Build configuration list for PBXNativeTarget "SLETest" */;
			buildPhases = (
				BA328A0C1ABAF67500BD56DA /* Sources */,
				BA328A0D1ABAF67500BD56DA /* Frameworks */,
				BA328A0E1ABAF67500BD56DA /* CopyFiles */,
			);
			buildRules = (
			);
			dependencies = (
			);
			name = SLETest;
			productName = SLETest;
			productReference = BA328A101ABAF67500BD56DA /* SLETest */;
			productType = "com.apple.product-type.tool";
		};
		BA89C1991A8A579100465451 /* SLE */ = {
			isa = PBXNativeTarget;
			buildConfigurationList = BA89C1A11A8A579100465451 /* Build configuration list for PBXNativeTarget "SLE" */;
			buildPhases = (
				BA89C1961A8A579100465451 /* Sources */,
				BA89C1971A8A579100465451 /* Frameworks */,
				BA89C1981A8A579100465451 /* CopyFiles */,
			);
			buildRules = (
			);
			dependencies = (
			);
			name = SLE;
			productName = SLE;
			productReference = BA89C19A1A8A579100465451 /* SLE */;
			productType = "com.apple.product-type.tool";
		};
/* End PBXNativeTarget section */

/* Begin PBXProject section */
		BA89C1921A8A579100465451 /* Project object */ = {
			isa = PBXProject;
			attributes = {
				LastUpgradeCheck = 0610;
				ORGANIZATIONNAME = n/a;
				TargetAttributes = {
					BA328A0F1ABAF67500BD56DA = {
						CreatedOnToolsVersion = 6.1.1;
					};
					BA89C1991A8A579100465451 = {
						CreatedOnToolsVersion = 6.1.1;
					};
				};
			};
			buildConfigurationList = BA89C1951A8A579100465451 /* Build configuration list for PBXProject "SLE" */;
			compatibilityVersion = "Xcode 3.2";
			developmentRegion = English;
			hasScannedForEncodings = 0;
			knownRegions = (
				en,
			);
			mainGroup = BA89C1911A8A579100465451;
			productRefGroup = BA89C19B1A8A579100465451 /* Products */;
			projectDirPath = "";
			projectRoot = "";
			targets = (
				BA89C1991A8A579100465451 /* SLE */,
				BA328A0F1ABAF67500BD56DA /* SLETest */,
			);
		};
/* End PBXProject section */

/* Begin PBXSourcesBuildPhase section */
		BA328A0C1ABAF67500BD56DA /* Sources */ = {
			isa = PBXSourcesBuildPhase;
			buildActionMask = 2147483647;
			files = (
				BAD9524F1AE8388C00B47D45 /* plot.cpp in Sources */,
				BA328A131ABAF67500BD56DA /* main.cpp in Sources */,
				BA1463CC1AE92A230001E0A0 /* SLEAnimate.cpp in Sources */,
				BAA910CC1AC07934000B8DFE /* SLETest.cpp in Sources */,
				BAD9524E1AE834BF00B47D45 /* SLEAnimateTest.cpp in Sources */,
				BA1463C81AE9252D0001E0A0 /* stochastic_processes.cpp in Sources */,
				BA1463CA1AE9253D0001E0A0 /* sle_process.cpp in Sources */,
				BA328A1A1ABAF94800BD56DA /* ProcessTest.cpp in Sources */,
			);
			runOnlyForDeploymentPostprocessing = 0;
		};
		BA89C1961A8A579100465451 /* Sources */ = {
			isa = PBXSourcesBuildPhase;
			buildActionMask = 2147483647;
			files = (
				BA8911DB1AC88A0300E98779 /* plot.cpp in Sources */,
				BA1463C71AE9252C0001E0A0 /* stochastic_processes.cpp in Sources */,
				BA1463C91AE9253C0001E0A0 /* sle_process.cpp in Sources */,
				BA89C19E1A8A579100465451 /* main.cpp in Sources */,
				BA1463CB1AE92A200001E0A0 /* SLEAnimate.cpp in Sources */,
			);
			runOnlyForDeploymentPostprocessing = 0;
		};
/* End PBXSourcesBuildPhase section */

/* Begin XCBuildConfiguration section */
		BA328A151ABAF67500BD56DA /* Debug */ = {
			isa = XCBuildConfiguration;
			buildSettings = {
				GCC_PREPROCESSOR_DEFINITIONS = (
					"DEBUG=1",
					"$(inherited)",
				);
				PRODUCT_NAME = "$(TARGET_NAME)";
			};
			name = Debug;
		};
		BA328A161ABAF67500BD56DA /* Release */ = {
			isa = XCBuildConfiguration;
			buildSettings = {
				PRODUCT_NAME = "$(TARGET_NAME)";
			};
			name = Release;
		};
		BA89C19F1A8A579100465451 /* Debug */ = {
			isa = XCBuildConfiguration;
			buildSettings = {
				ALWAYS_SEARCH_USER_PATHS = NO;
				CLANG_CXX_LANGUAGE_STANDARD = "gnu++0x";
				CLANG_CXX_LIBRARY = "libc++";
				CLANG_ENABLE_MODULES = YES;
				CLANG_ENABLE_OBJC_ARC = YES;
				CLANG_WARN_BOOL_CONVERSION = YES;
				CLANG_WARN_CONSTANT_CONVERSION = YES;
				CLANG_WARN_DIRECT_OBJC_ISA_USAGE = YES_ERROR;
				CLANG_WARN_EMPTY_BODY = YES;
				CLANG_WARN_ENUM_CONVERSION = YES;
				CLANG_WARN_INT_CONVERSION = YES;
				CLANG_WARN_OBJC_ROOT_CLASS = YES_ERROR;
				CLANG_WARN_UNREACHABLE_CODE = YES;
				CLANG_WARN__DUPLICATE_METHOD_MATCH = YES;
				COPY_PHASE_STRIP = NO;
				ENABLE_STRICT_OBJC_MSGSEND = YES;
				GCC_C_LANGUAGE_STANDARD = gnu99;
				GCC_DYNAMIC_NO_PIC = NO;
				GCC_OPTIMIZATION_LEVEL = 0;
				GCC_PREPROCESSOR_DEFINITIONS = (
					"DEBUG=1",
					"$(inherited)",
				);
				GCC_SYMBOLS_PRIVATE_EXTERN = NO;
				GCC_WARN_64_TO_32_BIT_CONVERSION = YES;
				GCC_WARN_ABOUT_RETURN_TYPE = YES_ERROR;
				GCC_WARN_UNDECLARED_SELECTOR = YES;
				GCC_WARN_UNINITIALIZED_AUTOS = YES_AGGRESSIVE;
				GCC_WARN_UNUSED_FUNCTION = YES;
				GCC_WARN_UNUSED_VARIABLE = YES;
				HEADER_SEARCH_PATHS = (
					"$(inherited)",
					/Applications/Xcode.app/Contents/Developer/Toolchains/XcodeDefault.xctoolchain/usr/include,
					/usr/local/include,
				);
				LIBRARY_SEARCH_PATHS = /usr/local/lib;
				MACOSX_DEPLOYMENT_TARGET = 10.10;
				MTL_ENABLE_DEBUG_INFO = YES;
				ONLY_ACTIVE_ARCH = YES;
				OTHER_LDFLAGS = (
					"-lopencv_imgproc",
					"-lopencv_core",
					"-lopencv_highgui",
				);
				SDKROOT = macosx;
			};
			name = Debug;
		};
		BA89C1A01A8A579100465451 /* Release */ = {
			isa = XCBuildConfiguration;
			buildSettings = {
				ALWAYS_SEARCH_USER_PATHS = NO;
				CLANG_CXX_LANGUAGE_STANDARD = "gnu++0x";
				CLANG_CXX_LIBRARY = "libc++";
				CLANG_ENABLE_MODULES = YES;
				CLANG_ENABLE_OBJC_ARC = YES;
				CLANG_WARN_BOOL_CONVERSION = YES;
				CLANG_WARN_CONSTANT_CONVERSION = YES;
				CLANG_WARN_DIRECT_OBJC_ISA_USAGE = YES_ERROR;
				CLANG_WARN_EMPTY_BODY = YES;
				CLANG_WARN_ENUM_CONVERSION = YES;
				CLANG_WARN_INT_CONVERSION = YES;
				CLANG_WARN_OBJC_ROOT_CLASS = YES_ERROR;
				CLANG_WARN_UNREACHABLE_CODE = YES;
				CLANG_WARN__DUPLICATE_METHOD_MATCH = YES;
				COPY_PHASE_STRIP = YES;
				DEBUG_INFORMATION_FORMAT = "dwarf-with-dsym";
				ENABLE_NS_ASSERTIONS = NO;
				ENABLE_STRICT_OBJC_MSGSEND = YES;
				GCC_C_LANGUAGE_STANDARD = gnu99;
				GCC_WARN_64_TO_32_BIT_CONVERSION = YES;
				GCC_WARN_ABOUT_RETURN_TYPE = YES_ERROR;
				GCC_WARN_UNDECLARED_SELECTOR = YES;
				GCC_WARN_UNINITIALIZED_AUTOS = YES_AGGRESSIVE;
				GCC_WARN_UNUSED_FUNCTION = YES;
				GCC_WARN_UNUSED_VARIABLE = YES;
				HEADER_SEARCH_PATHS = (
					"$(inherited)",
					/Applications/Xcode.app/Contents/Developer/Toolchains/XcodeDefault.xctoolchain/usr/include,
					/usr/local/include,
				);
				LIBRARY_SEARCH_PATHS = /usr/local/lib;
				MACOSX_DEPLOYMENT_TARGET = 10.10;
				MTL_ENABLE_DEBUG_INFO = NO;
				OTHER_LDFLAGS = (
					"-lopencv_imgproc",
					"-lopencv_core",
					"-lopencv_highgui",
				);
				SDKROOT = macosx;
			};
			name = Release;
		};
		BA89C1A21A8A579100465451 /* Debug */ = {
			isa = XCBuildConfiguration;
			buildSettings = {
				LIBRARY_SEARCH_PATHS = (
					"$(inherited)",
					/usr/local/Cellar/cairo/1.14.0/lib,
				);
				PRODUCT_NAME = "$(TARGET_NAME)";
			};
			name = Debug;
		};
		BA89C1A31A8A579100465451 /* Release */ = {
			isa = XCBuildConfiguration;
			buildSettings = {
				LIBRARY_SEARCH_PATHS = (
					"$(inherited)",
					/usr/local/Cellar/cairo/1.14.0/lib,
				);
				PRODUCT_NAME = "$(TARGET_NAME)";
			};
			name = Release;
		};
/* End XCBuildConfiguration section */

/* Begin XCConfigurationList section */
		BA328A141ABAF67500BD56DA /* Build configuration list for PBXNativeTarget "SLETest" */ = {
			isa = XCConfigurationList;
			buildConfigurations = (
				BA328A151ABAF67500BD56DA /* Debug */,
				BA328A161ABAF67500BD56DA /* Release */,
			);
			defaultConfigurationIsVisible = 0;
			defaultConfigurationName = Release;
		};
		BA89C1951A8A579100465451 /* Build configuration list for PBXProject "SLE" */ = {
			isa = XCConfigurationList;
			buildConfigurations = (
				BA89C19F1A8A579100465451 /* Debug */,
				BA89C1A01A8A579100465451 /* Release */,
			);
			defaultConfigurationIsVisible = 0;
			defaultConfigurationName = Release;
		};
		BA89C1A11A8A579100465451 /* Build configuration list for PBXNativeTarget "SLE" */ = {
			isa = XCConfigurationList;
			buildConfigurations = (
				BA89C1A21A8A579100465451 /* Debug */,
				BA89C1A31A8A579100465451 /* Release */,
			);
			defaultConfigurationIsVisible = 0;
			defaultConfigurationName = Release;
		};
/* End XCConfigurationList section */
	};
	rootObject = BA89C1921A8A579100465451 /* Project object */;
}
